// !$*UTF8*$!
{
	archiveVersion = 1;
	classes = {
	};
	objectVersion = 56;
	objects = {

/* Begin PBXBuildFile section */
		B531C0EE2BF399B6003F1023 /* PokemonTableViewCell.xib in Resources */ = {isa = PBXBuildFile; fileRef = B531C0ED2BF399B6003F1023 /* PokemonTableViewCell.xib */; };
		B531C0EF2BF399B6003F1023 /* PokemonTableViewCell.swift in Sources */ = {isa = PBXBuildFile; fileRef = B531C0EC2BF399B6003F1023 /* PokemonTableViewCell.swift */; };
		B531C0F52BF3B96E003F1023 /* PokemonItem.swift in Sources */ = {isa = PBXBuildFile; fileRef = B531C0F42BF3B96E003F1023 /* PokemonItem.swift */; };
		B56547962BF774CD0029E1B9 /* UIView+Extension.swift in Sources */ = {isa = PBXBuildFile; fileRef = B56547952BF774CD0029E1B9 /* UIView+Extension.swift */; };
		B5797A642BF6665100CBEB34 /* ImageURL.swift in Sources */ = {isa = PBXBuildFile; fileRef = B5797A632BF6665100CBEB34 /* ImageURL.swift */; };
		B5797A6E2BF6F53100CBEB34 /* DetailsViewController.xib in Resources */ = {isa = PBXBuildFile; fileRef = B5797A6D2BF6F53100CBEB34 /* DetailsViewController.xib */; };
		B5797A6F2BF6F53100CBEB34 /* DetailsViewController.swift in Sources */ = {isa = PBXBuildFile; fileRef = B5797A6C2BF6F53100CBEB34 /* DetailsViewController.swift */; };
		B5797A712BF7435E00CBEB34 /* DetailsViewSection.swift in Sources */ = {isa = PBXBuildFile; fileRef = B5797A702BF7435E00CBEB34 /* DetailsViewSection.swift */; };
		B5797A752BF7453100CBEB34 /* DetailsInformationTableViewCell.xib in Resources */ = {isa = PBXBuildFile; fileRef = B5797A742BF7453100CBEB34 /* DetailsInformationTableViewCell.xib */; };
		B5797A762BF7453100CBEB34 /* DetailsInformationTableViewCell.swift in Sources */ = {isa = PBXBuildFile; fileRef = B5797A732BF7453100CBEB34 /* DetailsInformationTableViewCell.swift */; };
		B5797A792BF7480400CBEB34 /* TypeView.swift in Sources */ = {isa = PBXBuildFile; fileRef = B5797A782BF7480400CBEB34 /* TypeView.swift */; };
		B5797A7B2BF7486800CBEB34 /* TypeView.xib in Resources */ = {isa = PBXBuildFile; fileRef = B5797A7A2BF7486800CBEB34 /* TypeView.xib */; };
		B58120172BF751F5006DEBBB /* DetailsHeroTableViewCell.xib in Resources */ = {isa = PBXBuildFile; fileRef = B58120162BF751F5006DEBBB /* DetailsHeroTableViewCell.xib */; };
		B58120182BF751F5006DEBBB /* DetailsHeroTableViewCell.swift in Sources */ = {isa = PBXBuildFile; fileRef = B58120152BF751F5006DEBBB /* DetailsHeroTableViewCell.swift */; };
		B581201A2BF756C6006DEBBB /* DetailsViewModel.swift in Sources */ = {isa = PBXBuildFile; fileRef = B58120192BF756C6006DEBBB /* DetailsViewModel.swift */; };
		B581201C2BF75BC2006DEBBB /* PokemonDetailsResponse.swift in Sources */ = {isa = PBXBuildFile; fileRef = B581201B2BF75BC2006DEBBB /* PokemonDetailsResponse.swift */; };
		B5924F0E2BF2621900A09409 /* AppDelegate.swift in Sources */ = {isa = PBXBuildFile; fileRef = B5924F0D2BF2621900A09409 /* AppDelegate.swift */; };
		B5924F122BF2621900A09409 /* ListViewController.swift in Sources */ = {isa = PBXBuildFile; fileRef = B5924F112BF2621900A09409 /* ListViewController.swift */; };
		B5924F172BF2621A00A09409 /* Assets.xcassets in Resources */ = {isa = PBXBuildFile; fileRef = B5924F162BF2621A00A09409 /* Assets.xcassets */; };
		B5924F1A2BF2621A00A09409 /* Base in Resources */ = {isa = PBXBuildFile; fileRef = B5924F192BF2621A00A09409 /* Base */; };
		B5924F252BF2621A00A09409 /* DataWowChallengeTests.swift in Sources */ = {isa = PBXBuildFile; fileRef = B5924F242BF2621A00A09409 /* DataWowChallengeTests.swift */; };
		B5924F2F2BF2621A00A09409 /* DataWowChallengeUITests.swift in Sources */ = {isa = PBXBuildFile; fileRef = B5924F2E2BF2621A00A09409 /* DataWowChallengeUITests.swift */; };
		B5924F312BF2621A00A09409 /* DataWowChallengeUITestsLaunchTests.swift in Sources */ = {isa = PBXBuildFile; fileRef = B5924F302BF2621A00A09409 /* DataWowChallengeUITestsLaunchTests.swift */; };
		B5924F3E2BF2623600A09409 /* ListViewController.xib in Resources */ = {isa = PBXBuildFile; fileRef = B5924F3D2BF2623600A09409 /* ListViewController.xib */; };
		B5924F422BF262A500A09409 /* ListViewModel.swift in Sources */ = {isa = PBXBuildFile; fileRef = B5924F412BF262A500A09409 /* ListViewModel.swift */; };
		B5924F452BF2644600A09409 /* ServiceProvider.swift in Sources */ = {isa = PBXBuildFile; fileRef = B5924F442BF2644600A09409 /* ServiceProvider.swift */; };
		B5924F4A2BF2649E00A09409 /* Router.swift in Sources */ = {isa = PBXBuildFile; fileRef = B5924F482BF2649E00A09409 /* Router.swift */; };
		B5924F4D2BF265A300A09409 /* PokemonUseCase.swift in Sources */ = {isa = PBXBuildFile; fileRef = B5924F4B2BF265A300A09409 /* PokemonUseCase.swift */; };
		B5924F4F2BF265F500A09409 /* PokemonListResponse.swift in Sources */ = {isa = PBXBuildFile; fileRef = B5924F4E2BF265F500A09409 /* PokemonListResponse.swift */; };
		B5AD90C42BF799BE00051E31 /* SVGKit in Frameworks */ = {isa = PBXBuildFile; productRef = B5AD90C32BF799BE00051E31 /* SVGKit */; };
/* End PBXBuildFile section */

/* Begin PBXContainerItemProxy section */
		B5924F212BF2621A00A09409 /* PBXContainerItemProxy */ = {
			isa = PBXContainerItemProxy;
			containerPortal = B5924F022BF2621900A09409 /* Project object */;
			proxyType = 1;
			remoteGlobalIDString = B5924F092BF2621900A09409;
			remoteInfo = DataWowChallenge;
		};
		B5924F2B2BF2621A00A09409 /* PBXContainerItemProxy */ = {
			isa = PBXContainerItemProxy;
			containerPortal = B5924F022BF2621900A09409 /* Project object */;
			proxyType = 1;
			remoteGlobalIDString = B5924F092BF2621900A09409;
			remoteInfo = DataWowChallenge;
		};
/* End PBXContainerItemProxy section */

/* Begin PBXFileReference section */
		B531C0EC2BF399B6003F1023 /* PokemonTableViewCell.swift */ = {isa = PBXFileReference; lastKnownFileType = sourcecode.swift; path = PokemonTableViewCell.swift; sourceTree = "<group>"; };
		B531C0ED2BF399B6003F1023 /* PokemonTableViewCell.xib */ = {isa = PBXFileReference; lastKnownFileType = file.xib; path = PokemonTableViewCell.xib; sourceTree = "<group>"; };
		B531C0F42BF3B96E003F1023 /* PokemonItem.swift */ = {isa = PBXFileReference; lastKnownFileType = sourcecode.swift; path = PokemonItem.swift; sourceTree = "<group>"; };
		B56547952BF774CD0029E1B9 /* UIView+Extension.swift */ = {isa = PBXFileReference; lastKnownFileType = sourcecode.swift; path = "UIView+Extension.swift"; sourceTree = "<group>"; };
		B5797A632BF6665100CBEB34 /* ImageURL.swift */ = {isa = PBXFileReference; lastKnownFileType = sourcecode.swift; path = ImageURL.swift; sourceTree = "<group>"; };
		B5797A6C2BF6F53100CBEB34 /* DetailsViewController.swift */ = {isa = PBXFileReference; lastKnownFileType = sourcecode.swift; path = DetailsViewController.swift; sourceTree = "<group>"; };
		B5797A6D2BF6F53100CBEB34 /* DetailsViewController.xib */ = {isa = PBXFileReference; lastKnownFileType = file.xib; path = DetailsViewController.xib; sourceTree = "<group>"; };
		B5797A702BF7435E00CBEB34 /* DetailsViewSection.swift */ = {isa = PBXFileReference; lastKnownFileType = sourcecode.swift; path = DetailsViewSection.swift; sourceTree = "<group>"; };
		B5797A732BF7453100CBEB34 /* DetailsInformationTableViewCell.swift */ = {isa = PBXFileReference; lastKnownFileType = sourcecode.swift; path = DetailsInformationTableViewCell.swift; sourceTree = "<group>"; };
		B5797A742BF7453100CBEB34 /* DetailsInformationTableViewCell.xib */ = {isa = PBXFileReference; lastKnownFileType = file.xib; path = DetailsInformationTableViewCell.xib; sourceTree = "<group>"; };
		B5797A782BF7480400CBEB34 /* TypeView.swift */ = {isa = PBXFileReference; lastKnownFileType = sourcecode.swift; path = TypeView.swift; sourceTree = "<group>"; };
		B5797A7A2BF7486800CBEB34 /* TypeView.xib */ = {isa = PBXFileReference; lastKnownFileType = file.xib; path = TypeView.xib; sourceTree = "<group>"; };
		B58120152BF751F5006DEBBB /* DetailsHeroTableViewCell.swift */ = {isa = PBXFileReference; lastKnownFileType = sourcecode.swift; path = DetailsHeroTableViewCell.swift; sourceTree = "<group>"; };
		B58120162BF751F5006DEBBB /* DetailsHeroTableViewCell.xib */ = {isa = PBXFileReference; lastKnownFileType = file.xib; path = DetailsHeroTableViewCell.xib; sourceTree = "<group>"; };
		B58120192BF756C6006DEBBB /* DetailsViewModel.swift */ = {isa = PBXFileReference; lastKnownFileType = sourcecode.swift; path = DetailsViewModel.swift; sourceTree = "<group>"; };
		B581201B2BF75BC2006DEBBB /* PokemonDetailsResponse.swift */ = {isa = PBXFileReference; lastKnownFileType = sourcecode.swift; path = PokemonDetailsResponse.swift; sourceTree = "<group>"; };
		B5924F0A2BF2621900A09409 /* DataWowChallenge.app */ = {isa = PBXFileReference; explicitFileType = wrapper.application; includeInIndex = 0; path = DataWowChallenge.app; sourceTree = BUILT_PRODUCTS_DIR; };
		B5924F0D2BF2621900A09409 /* AppDelegate.swift */ = {isa = PBXFileReference; lastKnownFileType = sourcecode.swift; path = AppDelegate.swift; sourceTree = "<group>"; };
		B5924F112BF2621900A09409 /* ListViewController.swift */ = {isa = PBXFileReference; lastKnownFileType = sourcecode.swift; path = ListViewController.swift; sourceTree = "<group>"; };
		B5924F162BF2621A00A09409 /* Assets.xcassets */ = {isa = PBXFileReference; lastKnownFileType = folder.assetcatalog; path = Assets.xcassets; sourceTree = "<group>"; };
		B5924F192BF2621A00A09409 /* Base */ = {isa = PBXFileReference; lastKnownFileType = file.storyboard; name = Base; path = Base.lproj/LaunchScreen.storyboard; sourceTree = "<group>"; };
		B5924F1B2BF2621A00A09409 /* Info.plist */ = {isa = PBXFileReference; lastKnownFileType = text.plist.xml; path = Info.plist; sourceTree = "<group>"; };
		B5924F202BF2621A00A09409 /* DataWowChallengeTests.xctest */ = {isa = PBXFileReference; explicitFileType = wrapper.cfbundle; includeInIndex = 0; path = DataWowChallengeTests.xctest; sourceTree = BUILT_PRODUCTS_DIR; };
		B5924F242BF2621A00A09409 /* DataWowChallengeTests.swift */ = {isa = PBXFileReference; lastKnownFileType = sourcecode.swift; path = DataWowChallengeTests.swift; sourceTree = "<group>"; };
		B5924F2A2BF2621A00A09409 /* DataWowChallengeUITests.xctest */ = {isa = PBXFileReference; explicitFileType = wrapper.cfbundle; includeInIndex = 0; path = DataWowChallengeUITests.xctest; sourceTree = BUILT_PRODUCTS_DIR; };
		B5924F2E2BF2621A00A09409 /* DataWowChallengeUITests.swift */ = {isa = PBXFileReference; lastKnownFileType = sourcecode.swift; path = DataWowChallengeUITests.swift; sourceTree = "<group>"; };
		B5924F302BF2621A00A09409 /* DataWowChallengeUITestsLaunchTests.swift */ = {isa = PBXFileReference; lastKnownFileType = sourcecode.swift; path = DataWowChallengeUITestsLaunchTests.swift; sourceTree = "<group>"; };
		B5924F3D2BF2623600A09409 /* ListViewController.xib */ = {isa = PBXFileReference; lastKnownFileType = file.xib; path = ListViewController.xib; sourceTree = "<group>"; };
		B5924F412BF262A500A09409 /* ListViewModel.swift */ = {isa = PBXFileReference; lastKnownFileType = sourcecode.swift; path = ListViewModel.swift; sourceTree = "<group>"; };
		B5924F442BF2644600A09409 /* ServiceProvider.swift */ = {isa = PBXFileReference; fileEncoding = 4; lastKnownFileType = sourcecode.swift; path = ServiceProvider.swift; sourceTree = "<group>"; };
		B5924F482BF2649E00A09409 /* Router.swift */ = {isa = PBXFileReference; fileEncoding = 4; lastKnownFileType = sourcecode.swift; path = Router.swift; sourceTree = "<group>"; };
		B5924F4B2BF265A300A09409 /* PokemonUseCase.swift */ = {isa = PBXFileReference; fileEncoding = 4; lastKnownFileType = sourcecode.swift; path = PokemonUseCase.swift; sourceTree = "<group>"; };
		B5924F4E2BF265F500A09409 /* PokemonListResponse.swift */ = {isa = PBXFileReference; lastKnownFileType = sourcecode.swift; path = PokemonListResponse.swift; sourceTree = "<group>"; };
/* End PBXFileReference section */

/* Begin PBXFrameworksBuildPhase section */
		B5924F072BF2621900A09409 /* Frameworks */ = {
			isa = PBXFrameworksBuildPhase;
			buildActionMask = 2147483647;
			files = (
				B5AD90C42BF799BE00051E31 /* SVGKit in Frameworks */,
			);
			runOnlyForDeploymentPostprocessing = 0;
		};
		B5924F1D2BF2621A00A09409 /* Frameworks */ = {
			isa = PBXFrameworksBuildPhase;
			buildActionMask = 2147483647;
			files = (
			);
			runOnlyForDeploymentPostprocessing = 0;
		};
		B5924F272BF2621A00A09409 /* Frameworks */ = {
			isa = PBXFrameworksBuildPhase;
			buildActionMask = 2147483647;
			files = (
			);
			runOnlyForDeploymentPostprocessing = 0;
		};
/* End PBXFrameworksBuildPhase section */

/* Begin PBXGroup section */
		B531C0EB2BF3999A003F1023 /* Views */ = {
			isa = PBXGroup;
			children = (
				B531C0EC2BF399B6003F1023 /* PokemonTableViewCell.swift */,
				B531C0ED2BF399B6003F1023 /* PokemonTableViewCell.xib */,
			);
			path = Views;
			sourceTree = "<group>";
		};
		B531C0F12BF3B46B003F1023 /* Frameworks */ = {
			isa = PBXGroup;
			children = (
			);
			name = Frameworks;
			sourceTree = "<group>";
		};
		B5797A682BF66B8E00CBEB34 /* Util */ = {
			isa = PBXGroup;
			children = (
				B56547952BF774CD0029E1B9 /* UIView+Extension.swift */,
			);
			path = Util;
			sourceTree = "<group>";
		};
		B5797A6B2BF6F4F100CBEB34 /* Details */ = {
			isa = PBXGroup;
			children = (
				B5797A772BF747EE00CBEB34 /* Views */,
				B5797A722BF7450400CBEB34 /* Cells */,
				B5797A6C2BF6F53100CBEB34 /* DetailsViewController.swift */,
				B5797A6D2BF6F53100CBEB34 /* DetailsViewController.xib */,
				B5797A702BF7435E00CBEB34 /* DetailsViewSection.swift */,
				B58120192BF756C6006DEBBB /* DetailsViewModel.swift */,
			);
			path = Details;
			sourceTree = "<group>";
		};
		B5797A722BF7450400CBEB34 /* Cells */ = {
			isa = PBXGroup;
			children = (
				B58120142BF751A0006DEBBB /* DetailsHeroTableViewCell */,
				B5797A7C2BF74F1500CBEB34 /* DetailsInformationTableViewCell */,
			);
			path = Cells;
			sourceTree = "<group>";
		};
		B5797A772BF747EE00CBEB34 /* Views */ = {
			isa = PBXGroup;
			children = (
				B5797A782BF7480400CBEB34 /* TypeView.swift */,
				B5797A7A2BF7486800CBEB34 /* TypeView.xib */,
			);
			path = Views;
			sourceTree = "<group>";
		};
		B5797A7C2BF74F1500CBEB34 /* DetailsInformationTableViewCell */ = {
			isa = PBXGroup;
			children = (
				B5797A732BF7453100CBEB34 /* DetailsInformationTableViewCell.swift */,
				B5797A742BF7453100CBEB34 /* DetailsInformationTableViewCell.xib */,
			);
			path = DetailsInformationTableViewCell;
			sourceTree = "<group>";
		};
		B58120142BF751A0006DEBBB /* DetailsHeroTableViewCell */ = {
			isa = PBXGroup;
			children = (
				B58120152BF751F5006DEBBB /* DetailsHeroTableViewCell.swift */,
				B58120162BF751F5006DEBBB /* DetailsHeroTableViewCell.xib */,
			);
			path = DetailsHeroTableViewCell;
			sourceTree = "<group>";
		};
		B5924F012BF2621900A09409 = {
			isa = PBXGroup;
			children = (
				B5924F0C2BF2621900A09409 /* DataWowChallenge */,
				B5924F232BF2621A00A09409 /* DataWowChallengeTests */,
				B5924F2D2BF2621A00A09409 /* DataWowChallengeUITests */,
				B5924F0B2BF2621900A09409 /* Products */,
				B531C0F12BF3B46B003F1023 /* Frameworks */,
			);
			sourceTree = "<group>";
		};
		B5924F0B2BF2621900A09409 /* Products */ = {
			isa = PBXGroup;
			children = (
				B5924F0A2BF2621900A09409 /* DataWowChallenge.app */,
				B5924F202BF2621A00A09409 /* DataWowChallengeTests.xctest */,
				B5924F2A2BF2621A00A09409 /* DataWowChallengeUITests.xctest */,
			);
			name = Products;
			sourceTree = "<group>";
		};
		B5924F0C2BF2621900A09409 /* DataWowChallenge */ = {
			isa = PBXGroup;
			children = (
				B5797A682BF66B8E00CBEB34 /* Util */,
				B5924F0D2BF2621900A09409 /* AppDelegate.swift */,
				B5924F162BF2621A00A09409 /* Assets.xcassets */,
				B5924F1B2BF2621A00A09409 /* Info.plist */,
				B5924F182BF2621A00A09409 /* LaunchScreen.storyboard */,
				B5924F462BF2645A00A09409 /* Models */,
				B5924F3F2BF2626B00A09409 /* Scenes */,
				B5924F432BF2640000A09409 /* Services */,
				B5924F4C2BF265A300A09409 /* UseCases */,
			);
			path = DataWowChallenge;
			sourceTree = "<group>";
		};
		B5924F232BF2621A00A09409 /* DataWowChallengeTests */ = {
			isa = PBXGroup;
			children = (
				B5924F242BF2621A00A09409 /* DataWowChallengeTests.swift */,
			);
			path = DataWowChallengeTests;
			sourceTree = "<group>";
		};
		B5924F2D2BF2621A00A09409 /* DataWowChallengeUITests */ = {
			isa = PBXGroup;
			children = (
				B5924F2E2BF2621A00A09409 /* DataWowChallengeUITests.swift */,
				B5924F302BF2621A00A09409 /* DataWowChallengeUITestsLaunchTests.swift */,
			);
			path = DataWowChallengeUITests;
			sourceTree = "<group>";
		};
		B5924F3F2BF2626B00A09409 /* Scenes */ = {
			isa = PBXGroup;
			children = (
				B5797A6B2BF6F4F100CBEB34 /* Details */,
				B5924F402BF2627000A09409 /* List */,
			);
			path = Scenes;
			sourceTree = "<group>";
		};
		B5924F402BF2627000A09409 /* List */ = {
			isa = PBXGroup;
			children = (
				B531C0EB2BF3999A003F1023 /* Views */,
				B5924F412BF262A500A09409 /* ListViewModel.swift */,
				B5924F112BF2621900A09409 /* ListViewController.swift */,
				B5924F3D2BF2623600A09409 /* ListViewController.xib */,
			);
			path = List;
			sourceTree = "<group>";
		};
		B5924F432BF2640000A09409 /* Services */ = {
			isa = PBXGroup;
			children = (
				B5924F442BF2644600A09409 /* ServiceProvider.swift */,
			);
			path = Services;
			sourceTree = "<group>";
		};
		B5924F462BF2645A00A09409 /* Models */ = {
			isa = PBXGroup;
			children = (
				B5924F482BF2649E00A09409 /* Router.swift */,
				B5924F4E2BF265F500A09409 /* PokemonListResponse.swift */,
				B531C0F42BF3B96E003F1023 /* PokemonItem.swift */,
				B5797A632BF6665100CBEB34 /* ImageURL.swift */,
				B581201B2BF75BC2006DEBBB /* PokemonDetailsResponse.swift */,
			);
			path = Models;
			sourceTree = "<group>";
		};
		B5924F4C2BF265A300A09409 /* UseCases */ = {
			isa = PBXGroup;
			children = (
				B5924F4B2BF265A300A09409 /* PokemonUseCase.swift */,
			);
			path = UseCases;
			sourceTree = "<group>";
		};
/* End PBXGroup section */

/* Begin PBXNativeTarget section */
		B5924F092BF2621900A09409 /* DataWowChallenge */ = {
			isa = PBXNativeTarget;
			buildConfigurationList = B5924F342BF2621A00A09409 /* Build configuration list for PBXNativeTarget "DataWowChallenge" */;
			buildPhases = (
				B5924F062BF2621900A09409 /* Sources */,
				B5924F072BF2621900A09409 /* Frameworks */,
				B5924F082BF2621900A09409 /* Resources */,
			);
			buildRules = (
			);
			dependencies = (
			);
			name = DataWowChallenge;
			packageProductDependencies = (
				B5AD90C32BF799BE00051E31 /* SVGKit */,
			);
			productName = DataWowChallenge;
			productReference = B5924F0A2BF2621900A09409 /* DataWowChallenge.app */;
			productType = "com.apple.product-type.application";
		};
		B5924F1F2BF2621A00A09409 /* DataWowChallengeTests */ = {
			isa = PBXNativeTarget;
			buildConfigurationList = B5924F372BF2621A00A09409 /* Build configuration list for PBXNativeTarget "DataWowChallengeTests" */;
			buildPhases = (
				B5924F1C2BF2621A00A09409 /* Sources */,
				B5924F1D2BF2621A00A09409 /* Frameworks */,
				B5924F1E2BF2621A00A09409 /* Resources */,
			);
			buildRules = (
			);
			dependencies = (
				B5924F222BF2621A00A09409 /* PBXTargetDependency */,
			);
			name = DataWowChallengeTests;
			productName = DataWowChallengeTests;
			productReference = B5924F202BF2621A00A09409 /* DataWowChallengeTests.xctest */;
			productType = "com.apple.product-type.bundle.unit-test";
		};
		B5924F292BF2621A00A09409 /* DataWowChallengeUITests */ = {
			isa = PBXNativeTarget;
			buildConfigurationList = B5924F3A2BF2621A00A09409 /* Build configuration list for PBXNativeTarget "DataWowChallengeUITests" */;
			buildPhases = (
				B5924F262BF2621A00A09409 /* Sources */,
				B5924F272BF2621A00A09409 /* Frameworks */,
				B5924F282BF2621A00A09409 /* Resources */,
			);
			buildRules = (
			);
			dependencies = (
				B5924F2C2BF2621A00A09409 /* PBXTargetDependency */,
			);
			name = DataWowChallengeUITests;
			productName = DataWowChallengeUITests;
			productReference = B5924F2A2BF2621A00A09409 /* DataWowChallengeUITests.xctest */;
			productType = "com.apple.product-type.bundle.ui-testing";
		};
/* End PBXNativeTarget section */

/* Begin PBXProject section */
		B5924F022BF2621900A09409 /* Project object */ = {
			isa = PBXProject;
			attributes = {
				BuildIndependentTargetsInParallel = 1;
				LastSwiftUpdateCheck = 1530;
				LastUpgradeCheck = 1530;
				TargetAttributes = {
					B5924F092BF2621900A09409 = {
						CreatedOnToolsVersion = 15.3;
					};
					B5924F1F2BF2621A00A09409 = {
						CreatedOnToolsVersion = 15.3;
						TestTargetID = B5924F092BF2621900A09409;
					};
					B5924F292BF2621A00A09409 = {
						CreatedOnToolsVersion = 15.3;
						TestTargetID = B5924F092BF2621900A09409;
					};
				};
			};
			buildConfigurationList = B5924F052BF2621900A09409 /* Build configuration list for PBXProject "DataWowChallenge" */;
			compatibilityVersion = "Xcode 14.0";
			developmentRegion = en;
			hasScannedForEncodings = 0;
			knownRegions = (
				en,
				Base,
			);
			mainGroup = B5924F012BF2621900A09409;
			packageReferences = (
				B5AD90C02BF7992400051E31 /* XCRemoteSwiftPackageReference "SVGKit" */,
			);
			productRefGroup = B5924F0B2BF2621900A09409 /* Products */;
			projectDirPath = "";
			projectRoot = "";
			targets = (
				B5924F092BF2621900A09409 /* DataWowChallenge */,
				B5924F1F2BF2621A00A09409 /* DataWowChallengeTests */,
				B5924F292BF2621A00A09409 /* DataWowChallengeUITests */,
			);
		};
/* End PBXProject section */

/* Begin PBXResourcesBuildPhase section */
		B5924F082BF2621900A09409 /* Resources */ = {
			isa = PBXResourcesBuildPhase;
			buildActionMask = 2147483647;
			files = (
				B5924F172BF2621A00A09409 /* Assets.xcassets in Resources */,
				B531C0EE2BF399B6003F1023 /* PokemonTableViewCell.xib in Resources */,
				B5797A752BF7453100CBEB34 /* DetailsInformationTableViewCell.xib in Resources */,
				B5797A6E2BF6F53100CBEB34 /* DetailsViewController.xib in Resources */,
				B58120172BF751F5006DEBBB /* DetailsHeroTableViewCell.xib in Resources */,
				B5797A7B2BF7486800CBEB34 /* TypeView.xib in Resources */,
				B5924F1A2BF2621A00A09409 /* Base in Resources */,
				B5924F3E2BF2623600A09409 /* ListViewController.xib in Resources */,
			);
			runOnlyForDeploymentPostprocessing = 0;
		};
		B5924F1E2BF2621A00A09409 /* Resources */ = {
			isa = PBXResourcesBuildPhase;
			buildActionMask = 2147483647;
			files = (
			);
			runOnlyForDeploymentPostprocessing = 0;
		};
		B5924F282BF2621A00A09409 /* Resources */ = {
			isa = PBXResourcesBuildPhase;
			buildActionMask = 2147483647;
			files = (
			);
			runOnlyForDeploymentPostprocessing = 0;
		};
/* End PBXResourcesBuildPhase section */

/* Begin PBXSourcesBuildPhase section */
		B5924F062BF2621900A09409 /* Sources */ = {
			isa = PBXSourcesBuildPhase;
			buildActionMask = 2147483647;
			files = (
				B5797A762BF7453100CBEB34 /* DetailsInformationTableViewCell.swift in Sources */,
				B58120182BF751F5006DEBBB /* DetailsHeroTableViewCell.swift in Sources */,
				B5924F4F2BF265F500A09409 /* PokemonListResponse.swift in Sources */,
				B581201A2BF756C6006DEBBB /* DetailsViewModel.swift in Sources */,
				B5797A712BF7435E00CBEB34 /* DetailsViewSection.swift in Sources */,
				B5924F452BF2644600A09409 /* ServiceProvider.swift in Sources */,
				B531C0EF2BF399B6003F1023 /* PokemonTableViewCell.swift in Sources */,
				B581201C2BF75BC2006DEBBB /* PokemonDetailsResponse.swift in Sources */,
				B5797A6F2BF6F53100CBEB34 /* DetailsViewController.swift in Sources */,
				B5924F122BF2621900A09409 /* ListViewController.swift in Sources */,
				B531C0F52BF3B96E003F1023 /* PokemonItem.swift in Sources */,
				B5797A792BF7480400CBEB34 /* TypeView.swift in Sources */,
				B56547962BF774CD0029E1B9 /* UIView+Extension.swift in Sources */,
				B5924F0E2BF2621900A09409 /* AppDelegate.swift in Sources */,
				B5924F422BF262A500A09409 /* ListViewModel.swift in Sources */,
				B5797A642BF6665100CBEB34 /* ImageURL.swift in Sources */,
				B5924F4D2BF265A300A09409 /* PokemonUseCase.swift in Sources */,
				B5924F4A2BF2649E00A09409 /* Router.swift in Sources */,
			);
			runOnlyForDeploymentPostprocessing = 0;
		};
		B5924F1C2BF2621A00A09409 /* Sources */ = {
			isa = PBXSourcesBuildPhase;
			buildActionMask = 2147483647;
			files = (
				B5924F252BF2621A00A09409 /* DataWowChallengeTests.swift in Sources */,
			);
			runOnlyForDeploymentPostprocessing = 0;
		};
		B5924F262BF2621A00A09409 /* Sources */ = {
			isa = PBXSourcesBuildPhase;
			buildActionMask = 2147483647;
			files = (
				B5924F312BF2621A00A09409 /* DataWowChallengeUITestsLaunchTests.swift in Sources */,
				B5924F2F2BF2621A00A09409 /* DataWowChallengeUITests.swift in Sources */,
			);
			runOnlyForDeploymentPostprocessing = 0;
		};
/* End PBXSourcesBuildPhase section */

/* Begin PBXTargetDependency section */
		B5924F222BF2621A00A09409 /* PBXTargetDependency */ = {
			isa = PBXTargetDependency;
			target = B5924F092BF2621900A09409 /* DataWowChallenge */;
			targetProxy = B5924F212BF2621A00A09409 /* PBXContainerItemProxy */;
		};
		B5924F2C2BF2621A00A09409 /* PBXTargetDependency */ = {
			isa = PBXTargetDependency;
			target = B5924F092BF2621900A09409 /* DataWowChallenge */;
			targetProxy = B5924F2B2BF2621A00A09409 /* PBXContainerItemProxy */;
		};
/* End PBXTargetDependency section */

/* Begin PBXVariantGroup section */
		B5924F182BF2621A00A09409 /* LaunchScreen.storyboard */ = {
			isa = PBXVariantGroup;
			children = (
				B5924F192BF2621A00A09409 /* Base */,
			);
			name = LaunchScreen.storyboard;
			sourceTree = "<group>";
		};
/* End PBXVariantGroup section */

/* Begin XCBuildConfiguration section */
		B5924F322BF2621A00A09409 /* Debug */ = {
			isa = XCBuildConfiguration;
			buildSettings = {
				ALWAYS_SEARCH_USER_PATHS = NO;
				ASSETCATALOG_COMPILER_GENERATE_SWIFT_ASSET_SYMBOL_EXTENSIONS = YES;
				CLANG_ANALYZER_NONNULL = YES;
				CLANG_ANALYZER_NUMBER_OBJECT_CONVERSION = YES_AGGRESSIVE;
				CLANG_CXX_LANGUAGE_STANDARD = "gnu++20";
				CLANG_ENABLE_MODULES = YES;
				CLANG_ENABLE_OBJC_ARC = YES;
				CLANG_ENABLE_OBJC_WEAK = YES;
				CLANG_WARN_BLOCK_CAPTURE_AUTORELEASING = YES;
				CLANG_WARN_BOOL_CONVERSION = YES;
				CLANG_WARN_COMMA = YES;
				CLANG_WARN_CONSTANT_CONVERSION = YES;
				CLANG_WARN_DEPRECATED_OBJC_IMPLEMENTATIONS = YES;
				CLANG_WARN_DIRECT_OBJC_ISA_USAGE = YES_ERROR;
				CLANG_WARN_DOCUMENTATION_COMMENTS = YES;
				CLANG_WARN_EMPTY_BODY = YES;
				CLANG_WARN_ENUM_CONVERSION = YES;
				CLANG_WARN_INFINITE_RECURSION = YES;
				CLANG_WARN_INT_CONVERSION = YES;
				CLANG_WARN_NON_LITERAL_NULL_CONVERSION = YES;
				CLANG_WARN_OBJC_IMPLICIT_RETAIN_SELF = YES;
				CLANG_WARN_OBJC_LITERAL_CONVERSION = YES;
				CLANG_WARN_OBJC_ROOT_CLASS = YES_ERROR;
				CLANG_WARN_QUOTED_INCLUDE_IN_FRAMEWORK_HEADER = YES;
				CLANG_WARN_RANGE_LOOP_ANALYSIS = YES;
				CLANG_WARN_STRICT_PROTOTYPES = YES;
				CLANG_WARN_SUSPICIOUS_MOVE = YES;
				CLANG_WARN_UNGUARDED_AVAILABILITY = YES_AGGRESSIVE;
				CLANG_WARN_UNREACHABLE_CODE = YES;
				CLANG_WARN__DUPLICATE_METHOD_MATCH = YES;
				COPY_PHASE_STRIP = NO;
				DEBUG_INFORMATION_FORMAT = dwarf;
				ENABLE_STRICT_OBJC_MSGSEND = YES;
				ENABLE_TESTABILITY = YES;
				ENABLE_USER_SCRIPT_SANDBOXING = YES;
				GCC_C_LANGUAGE_STANDARD = gnu17;
				GCC_DYNAMIC_NO_PIC = NO;
				GCC_NO_COMMON_BLOCKS = YES;
				GCC_OPTIMIZATION_LEVEL = 0;
				GCC_PREPROCESSOR_DEFINITIONS = (
					"DEBUG=1",
					"$(inherited)",
				);
				GCC_WARN_64_TO_32_BIT_CONVERSION = YES;
				GCC_WARN_ABOUT_RETURN_TYPE = YES_ERROR;
				GCC_WARN_UNDECLARED_SELECTOR = YES;
				GCC_WARN_UNINITIALIZED_AUTOS = YES_AGGRESSIVE;
				GCC_WARN_UNUSED_FUNCTION = YES;
				GCC_WARN_UNUSED_VARIABLE = YES;
				IPHONEOS_DEPLOYMENT_TARGET = 17.4;
				LOCALIZATION_PREFERS_STRING_CATALOGS = YES;
				MTL_ENABLE_DEBUG_INFO = INCLUDE_SOURCE;
				MTL_FAST_MATH = YES;
				ONLY_ACTIVE_ARCH = YES;
				SDKROOT = iphoneos;
				SWIFT_ACTIVE_COMPILATION_CONDITIONS = "DEBUG $(inherited)";
				SWIFT_OPTIMIZATION_LEVEL = "-Onone";
			};
			name = Debug;
		};
		B5924F332BF2621A00A09409 /* Release */ = {
			isa = XCBuildConfiguration;
			buildSettings = {
				ALWAYS_SEARCH_USER_PATHS = NO;
				ASSETCATALOG_COMPILER_GENERATE_SWIFT_ASSET_SYMBOL_EXTENSIONS = YES;
				CLANG_ANALYZER_NONNULL = YES;
				CLANG_ANALYZER_NUMBER_OBJECT_CONVERSION = YES_AGGRESSIVE;
				CLANG_CXX_LANGUAGE_STANDARD = "gnu++20";
				CLANG_ENABLE_MODULES = YES;
				CLANG_ENABLE_OBJC_ARC = YES;
				CLANG_ENABLE_OBJC_WEAK = YES;
				CLANG_WARN_BLOCK_CAPTURE_AUTORELEASING = YES;
				CLANG_WARN_BOOL_CONVERSION = YES;
				CLANG_WARN_COMMA = YES;
				CLANG_WARN_CONSTANT_CONVERSION = YES;
				CLANG_WARN_DEPRECATED_OBJC_IMPLEMENTATIONS = YES;
				CLANG_WARN_DIRECT_OBJC_ISA_USAGE = YES_ERROR;
				CLANG_WARN_DOCUMENTATION_COMMENTS = YES;
				CLANG_WARN_EMPTY_BODY = YES;
				CLANG_WARN_ENUM_CONVERSION = YES;
				CLANG_WARN_INFINITE_RECURSION = YES;
				CLANG_WARN_INT_CONVERSION = YES;
				CLANG_WARN_NON_LITERAL_NULL_CONVERSION = YES;
				CLANG_WARN_OBJC_IMPLICIT_RETAIN_SELF = YES;
				CLANG_WARN_OBJC_LITERAL_CONVERSION = YES;
				CLANG_WARN_OBJC_ROOT_CLASS = YES_ERROR;
				CLANG_WARN_QUOTED_INCLUDE_IN_FRAMEWORK_HEADER = YES;
				CLANG_WARN_RANGE_LOOP_ANALYSIS = YES;
				CLANG_WARN_STRICT_PROTOTYPES = YES;
				CLANG_WARN_SUSPICIOUS_MOVE = YES;
				CLANG_WARN_UNGUARDED_AVAILABILITY = YES_AGGRESSIVE;
				CLANG_WARN_UNREACHABLE_CODE = YES;
				CLANG_WARN__DUPLICATE_METHOD_MATCH = YES;
				COPY_PHASE_STRIP = NO;
				DEBUG_INFORMATION_FORMAT = "dwarf-with-dsym";
				ENABLE_NS_ASSERTIONS = NO;
				ENABLE_STRICT_OBJC_MSGSEND = YES;
				ENABLE_USER_SCRIPT_SANDBOXING = YES;
				GCC_C_LANGUAGE_STANDARD = gnu17;
				GCC_NO_COMMON_BLOCKS = YES;
				GCC_WARN_64_TO_32_BIT_CONVERSION = YES;
				GCC_WARN_ABOUT_RETURN_TYPE = YES_ERROR;
				GCC_WARN_UNDECLARED_SELECTOR = YES;
				GCC_WARN_UNINITIALIZED_AUTOS = YES_AGGRESSIVE;
				GCC_WARN_UNUSED_FUNCTION = YES;
				GCC_WARN_UNUSED_VARIABLE = YES;
				IPHONEOS_DEPLOYMENT_TARGET = 17.4;
				LOCALIZATION_PREFERS_STRING_CATALOGS = YES;
				MTL_ENABLE_DEBUG_INFO = NO;
				MTL_FAST_MATH = YES;
				SDKROOT = iphoneos;
				SWIFT_COMPILATION_MODE = wholemodule;
				VALIDATE_PRODUCT = YES;
			};
			name = Release;
		};
		B5924F352BF2621A00A09409 /* Debug */ = {
			isa = XCBuildConfiguration;
			buildSettings = {
				ASSETCATALOG_COMPILER_APPICON_NAME = AppIcon;
				ASSETCATALOG_COMPILER_GLOBAL_ACCENT_COLOR_NAME = AccentColor;
				CODE_SIGN_STYLE = Automatic;
				CURRENT_PROJECT_VERSION = 1;
				DEVELOPMENT_TEAM = FCQA3D4ES5;
				GENERATE_INFOPLIST_FILE = YES;
				INFOPLIST_FILE = DataWowChallenge/Info.plist;
				INFOPLIST_KEY_UIApplicationSupportsIndirectInputEvents = YES;
				INFOPLIST_KEY_UILaunchStoryboardName = LaunchScreen;
				INFOPLIST_KEY_UISupportedInterfaceOrientations_iPad = "UIInterfaceOrientationPortrait UIInterfaceOrientationPortraitUpsideDown UIInterfaceOrientationLandscapeLeft UIInterfaceOrientationLandscapeRight";
				INFOPLIST_KEY_UISupportedInterfaceOrientations_iPhone = "UIInterfaceOrientationPortrait UIInterfaceOrientationLandscapeLeft UIInterfaceOrientationLandscapeRight";
				IPHONEOS_DEPLOYMENT_TARGET = 13.0;
				LD_RUNPATH_SEARCH_PATHS = (
					"$(inherited)",
					"@executable_path/Frameworks",
				);
				MARKETING_VERSION = 1.0;
				PRODUCT_BUNDLE_IDENTIFIER = chaceteera.DataWowChallenge;
				PRODUCT_NAME = "$(TARGET_NAME)";
				SWIFT_EMIT_LOC_STRINGS = YES;
				SWIFT_VERSION = 5.0;
				TARGETED_DEVICE_FAMILY = "1,2";
			};
			name = Debug;
		};
		B5924F362BF2621A00A09409 /* Release */ = {
			isa = XCBuildConfiguration;
			buildSettings = {
				ASSETCATALOG_COMPILER_APPICON_NAME = AppIcon;
				ASSETCATALOG_COMPILER_GLOBAL_ACCENT_COLOR_NAME = AccentColor;
				CODE_SIGN_STYLE = Automatic;
				CURRENT_PROJECT_VERSION = 1;
				DEVELOPMENT_TEAM = FCQA3D4ES5;
				GENERATE_INFOPLIST_FILE = YES;
				INFOPLIST_FILE = DataWowChallenge/Info.plist;
				INFOPLIST_KEY_UIApplicationSupportsIndirectInputEvents = YES;
				INFOPLIST_KEY_UILaunchStoryboardName = LaunchScreen;
				INFOPLIST_KEY_UISupportedInterfaceOrientations_iPad = "UIInterfaceOrientationPortrait UIInterfaceOrientationPortraitUpsideDown UIInterfaceOrientationLandscapeLeft UIInterfaceOrientationLandscapeRight";
				INFOPLIST_KEY_UISupportedInterfaceOrientations_iPhone = "UIInterfaceOrientationPortrait UIInterfaceOrientationLandscapeLeft UIInterfaceOrientationLandscapeRight";
				IPHONEOS_DEPLOYMENT_TARGET = 13.0;
				LD_RUNPATH_SEARCH_PATHS = (
					"$(inherited)",
					"@executable_path/Frameworks",
				);
				MARKETING_VERSION = 1.0;
				PRODUCT_BUNDLE_IDENTIFIER = chaceteera.DataWowChallenge;
				PRODUCT_NAME = "$(TARGET_NAME)";
				SWIFT_EMIT_LOC_STRINGS = YES;
				SWIFT_VERSION = 5.0;
				TARGETED_DEVICE_FAMILY = "1,2";
			};
			name = Release;
		};
		B5924F382BF2621A00A09409 /* Debug */ = {
			isa = XCBuildConfiguration;
			buildSettings = {
				ALWAYS_EMBED_SWIFT_STANDARD_LIBRARIES = YES;
				BUNDLE_LOADER = "$(TEST_HOST)";
				CODE_SIGN_STYLE = Automatic;
				CURRENT_PROJECT_VERSION = 1;
				DEVELOPMENT_TEAM = FCQA3D4ES5;
				GENERATE_INFOPLIST_FILE = YES;
				IPHONEOS_DEPLOYMENT_TARGET = 17.4;
				MARKETING_VERSION = 1.0;
				PRODUCT_BUNDLE_IDENTIFIER = chaceteera.DataWowChallengeTests;
				PRODUCT_NAME = "$(TARGET_NAME)";
				SWIFT_EMIT_LOC_STRINGS = NO;
				SWIFT_VERSION = 5.0;
				TARGETED_DEVICE_FAMILY = "1,2";
				TEST_HOST = "$(BUILT_PRODUCTS_DIR)/DataWowChallenge.app/$(BUNDLE_EXECUTABLE_FOLDER_PATH)/DataWowChallenge";
			};
			name = Debug;
		};
		B5924F392BF2621A00A09409 /* Release */ = {
			isa = XCBuildConfiguration;
			buildSettings = {
				ALWAYS_EMBED_SWIFT_STANDARD_LIBRARIES = YES;
				BUNDLE_LOADER = "$(TEST_HOST)";
				CODE_SIGN_STYLE = Automatic;
				CURRENT_PROJECT_VERSION = 1;
				DEVELOPMENT_TEAM = FCQA3D4ES5;
				GENERATE_INFOPLIST_FILE = YES;
				IPHONEOS_DEPLOYMENT_TARGET = 17.4;
				MARKETING_VERSION = 1.0;
				PRODUCT_BUNDLE_IDENTIFIER = chaceteera.DataWowChallengeTests;
				PRODUCT_NAME = "$(TARGET_NAME)";
				SWIFT_EMIT_LOC_STRINGS = NO;
				SWIFT_VERSION = 5.0;
				TARGETED_DEVICE_FAMILY = "1,2";
				TEST_HOST = "$(BUILT_PRODUCTS_DIR)/DataWowChallenge.app/$(BUNDLE_EXECUTABLE_FOLDER_PATH)/DataWowChallenge";
			};
			name = Release;
		};
		B5924F3B2BF2621A00A09409 /* Debug */ = {
			isa = XCBuildConfiguration;
			buildSettings = {
				ALWAYS_EMBED_SWIFT_STANDARD_LIBRARIES = YES;
				CODE_SIGN_STYLE = Automatic;
				CURRENT_PROJECT_VERSION = 1;
				DEVELOPMENT_TEAM = FCQA3D4ES5;
				GENERATE_INFOPLIST_FILE = YES;
				MARKETING_VERSION = 1.0;
				PRODUCT_BUNDLE_IDENTIFIER = chaceteera.DataWowChallengeUITests;
				PRODUCT_NAME = "$(TARGET_NAME)";
				SWIFT_EMIT_LOC_STRINGS = NO;
				SWIFT_VERSION = 5.0;
				TARGETED_DEVICE_FAMILY = "1,2";
				TEST_TARGET_NAME = DataWowChallenge;
			};
			name = Debug;
		};
		B5924F3C2BF2621A00A09409 /* Release */ = {
			isa = XCBuildConfiguration;
			buildSettings = {
				ALWAYS_EMBED_SWIFT_STANDARD_LIBRARIES = YES;
				CODE_SIGN_STYLE = Automatic;
				CURRENT_PROJECT_VERSION = 1;
				DEVELOPMENT_TEAM = FCQA3D4ES5;
				GENERATE_INFOPLIST_FILE = YES;
				MARKETING_VERSION = 1.0;
				PRODUCT_BUNDLE_IDENTIFIER = chaceteera.DataWowChallengeUITests;
				PRODUCT_NAME = "$(TARGET_NAME)";
				SWIFT_EMIT_LOC_STRINGS = NO;
				SWIFT_VERSION = 5.0;
				TARGETED_DEVICE_FAMILY = "1,2";
				TEST_TARGET_NAME = DataWowChallenge;
			};
			name = Release;
		};
/* End XCBuildConfiguration section */

/* Begin XCConfigurationList section */
		B5924F052BF2621900A09409 /* Build configuration list for PBXProject "DataWowChallenge" */ = {
			isa = XCConfigurationList;
			buildConfigurations = (
				B5924F322BF2621A00A09409 /* Debug */,
				B5924F332BF2621A00A09409 /* Release */,
			);
			defaultConfigurationIsVisible = 0;
			defaultConfigurationName = Release;
		};
		B5924F342BF2621A00A09409 /* Build configuration list for PBXNativeTarget "DataWowChallenge" */ = {
			isa = XCConfigurationList;
			buildConfigurations = (
				B5924F352BF2621A00A09409 /* Debug */,
				B5924F362BF2621A00A09409 /* Release */,
			);
			defaultConfigurationIsVisible = 0;
			defaultConfigurationName = Release;
		};
		B5924F372BF2621A00A09409 /* Build configuration list for PBXNativeTarget "DataWowChallengeTests" */ = {
			isa = XCConfigurationList;
			buildConfigurations = (
				B5924F382BF2621A00A09409 /* Debug */,
				B5924F392BF2621A00A09409 /* Release */,
			);
			defaultConfigurationIsVisible = 0;
			defaultConfigurationName = Release;
		};
		B5924F3A2BF2621A00A09409 /* Build configuration list for PBXNativeTarget "DataWowChallengeUITests" */ = {
			isa = XCConfigurationList;
			buildConfigurations = (
				B5924F3B2BF2621A00A09409 /* Debug */,
				B5924F3C2BF2621A00A09409 /* Release */,
			);
			defaultConfigurationIsVisible = 0;
			defaultConfigurationName = Release;
		};
/* End XCConfigurationList section */

/* Begin XCRemoteSwiftPackageReference section */
		B5AD90C02BF7992400051E31 /* XCRemoteSwiftPackageReference "SVGKit" */ = {
			isa = XCRemoteSwiftPackageReference;
			repositoryURL = "https://github.com/SVGKit/SVGKit.git";
			requirement = {
				kind = upToNextMajorVersion;
				minimumVersion = 3.0.0;
			};
		};
/* End XCRemoteSwiftPackageReference section */

/* Begin XCSwiftPackageProductDependency section */
		B5AD90C32BF799BE00051E31 /* SVGKit */ = {
			isa = XCSwiftPackageProductDependency;
			package = B5AD90C02BF7992400051E31 /* XCRemoteSwiftPackageReference "SVGKit" */;
			productName = SVGKit;
		};
/* End XCSwiftPackageProductDependency section */
	};
	rootObject = B5924F022BF2621900A09409 /* Project object */;
}
